
Microsoft Visual Studio Solution File, Format Version 12.00
# Visual Studio 15
VisualStudioVersion = 15.0.28307.421
MinimumVisualStudioVersion = 10.0.40219.1
Project("{8BC9CEB8-8B4A-11D0-8D11-00A0C91BC942}") = "Lab2", "Lab2\Lab2.vcxproj", "{6A10BD9B-EDB3-4A17-8751-12809ED8B5F9}"
EndProject
Project("{2150E333-8FDC-42A3-9474-1A3956D46DE8}") = "include", "include", "{10357CB0-1BE9-495C-BA9C-3F7BA82542CE}"
	ProjectSection(SolutionItems) = preProject
		AsmCommon\include\gdi32.inc = AsmCommon\include\gdi32.inc
		AsmCommon\include\kernel32.inc = AsmCommon\include\kernel32.inc
		AsmCommon\include\masm32.inc = AsmCommon\include\masm32.inc
		AsmCommon\include\user32.inc = AsmCommon\include\user32.inc
		AsmCommon\include\WINDOWS.INC = AsmCommon\include\WINDOWS.INC
	EndProjectSection
EndProject
Project("{2150E333-8FDC-42A3-9474-1A3956D46DE8}") = "AsmCommon", "AsmCommon", "{049D4587-E454-4632-90CF-2878698BEF6F}"
EndProject
Project("{8BC9CEB8-8B4A-11D0-8D11-00A0C91BC942}") = "Lab3", "Lab3\Lab3.vcxproj", "{85F6B949-E69D-44B4-8381-32DFE369DCB0}"
EndProject
Project("{8BC9CEB8-8B4A-11D0-8D11-00A0C91BC942}") = "Lab4", "Lab4\Lab4.vcxproj", "{5FCD920A-5FF2-4E3F-9FC8-B14988C28EA0}"
EndProject
Project("{8BC9CEB8-8B4A-11D0-8D11-00A0C91BC942}") = "Lab5", "Lab5\Lab5.vcxproj", "{934F4422-54FA-47D2-834B-0523E0A35D01}"
EndProject
Project("{8BC9CEB8-8B4A-11D0-8D11-00A0C91BC942}") = "Lab7", "Lab7\Lab7.vcxproj", "{14A51CA9-EA3B-49A5-85F6-40A446C56AF3}"
EndProject
Project("{8BC9CEB8-8B4A-11D0-8D11-00A0C91BC942}") = "Lab6", "Lab6\Lab6.vcxproj", "{1B54022A-D14A-488A-B6E9-1D1B1D85CE96}"
EndProject
Global
	GlobalSection(SolutionConfigurationPlatforms) = preSolution
		Debug|x64 = Debug|x64
		Debug|x86 = Debug|x86
		Release|x64 = Release|x64
		Release|x86 = Release|x86
	EndGlobalSection
	GlobalSection(ProjectConfigurationPlatforms) = postSolution
		{6A10BD9B-EDB3-4A17-8751-12809ED8B5F9}.Debug|x64.ActiveCfg = Debug|x64
		{6A10BD9B-EDB3-4A17-8751-12809ED8B5F9}.Debug|x64.Build.0 = Debug|x64
		{6A10BD9B-EDB3-4A17-8751-12809ED8B5F9}.Debug|x86.ActiveCfg = Debug|Win32
		{6A10BD9B-EDB3-4A17-8751-12809ED8B5F9}.Debug|x86.Build.0 = Debug|Win32
		{6A10BD9B-EDB3-4A17-8751-12809ED8B5F9}.Release|x64.ActiveCfg = Release|x64
		{6A10BD9B-EDB3-4A17-8751-12809ED8B5F9}.Release|x64.Build.0 = Release|x64
		{6A10BD9B-EDB3-4A17-8751-12809ED8B5F9}.Release|x86.ActiveCfg = Release|Win32
		{6A10BD9B-EDB3-4A17-8751-12809ED8B5F9}.Release|x86.Build.0 = Release|Win32
		{85F6B949-E69D-44B4-8381-32DFE369DCB0}.Debug|x64.ActiveCfg = Debug|x64
		{85F6B949-E69D-44B4-8381-32DFE369DCB0}.Debug|x64.Build.0 = Debug|x64
		{85F6B949-E69D-44B4-8381-32DFE369DCB0}.Debug|x86.ActiveCfg = Debug|Win32
		{85F6B949-E69D-44B4-8381-32DFE369DCB0}.Debug|x86.Build.0 = Debug|Win32
		{85F6B949-E69D-44B4-8381-32DFE369DCB0}.Release|x64.ActiveCfg = Release|x64
		{85F6B949-E69D-44B4-8381-32DFE369DCB0}.Release|x64.Build.0 = Release|x64
		{85F6B949-E69D-44B4-8381-32DFE369DCB0}.Release|x86.ActiveCfg = Release|Win32
		{85F6B949-E69D-44B4-8381-32DFE369DCB0}.Release|x86.Build.0 = Release|Win32
		{5FCD920A-5FF2-4E3F-9FC8-B14988C28EA0}.Debug|x64.ActiveCfg = Debug|x64
		{5FCD920A-5FF2-4E3F-9FC8-B14988C28EA0}.Debug|x64.Build.0 = Debug|x64
		{5FCD920A-5FF2-4E3F-9FC8-B14988C28EA0}.Debug|x86.ActiveCfg = Debug|Win32
		{5FCD920A-5FF2-4E3F-9FC8-B14988C28EA0}.Debug|x86.Build.0 = Debug|Win32
		{5FCD920A-5FF2-4E3F-9FC8-B14988C28EA0}.Release|x64.ActiveCfg = Release|x64
		{5FCD920A-5FF2-4E3F-9FC8-B14988C28EA0}.Release|x64.Build.0 = Release|x64
		{5FCD920A-5FF2-4E3F-9FC8-B14988C28EA0}.Release|x86.ActiveCfg = Release|Win32
		{5FCD920A-5FF2-4E3F-9FC8-B14988C28EA0}.Release|x86.Build.0 = Release|Win32
		{934F4422-54FA-47D2-834B-0523E0A35D01}.Debug|x64.ActiveCfg = Debug|x64
		{934F4422-54FA-47D2-834B-0523E0A35D01}.Debug|x64.Build.0 = Debug|x64
		{934F4422-54FA-47D2-834B-0523E0A35D01}.Debug|x86.ActiveCfg = Debug|Win32
		{934F4422-54FA-47D2-834B-0523E0A35D01}.Debug|x86.Build.0 = Debug|Win32
		{934F4422-54FA-47D2-834B-0523E0A35D01}.Release|x64.ActiveCfg = Release|x64
		{934F4422-54FA-47D2-834B-0523E0A35D01}.Release|x64.Build.0 = Release|x64
		{934F4422-54FA-47D2-834B-0523E0A35D01}.Release|x86.ActiveCfg = Release|Win32
		{934F4422-54FA-47D2-834B-0523E0A35D01}.Release|x86.Build.0 = Release|Win32
		{14A51CA9-EA3B-49A5-85F6-40A446C56AF3}.Debug|x64.ActiveCfg = Debug|x64
		{14A51CA9-EA3B-49A5-85F6-40A446C56AF3}.Debug|x64.Build.0 = Debug|x64
		{14A51CA9-EA3B-49A5-85F6-40A446C56AF3}.Debug|x86.ActiveCfg = Debug|Win32
		{14A51CA9-EA3B-49A5-85F6-40A446C56AF3}.Debug|x86.Build.0 = Debug|Win32
		{14A51CA9-EA3B-49A5-85F6-40A446C56AF3}.Release|x64.ActiveCfg = Release|x64
		{14A51CA9-EA3B-49A5-85F6-40A446C56AF3}.Release|x64.Build.0 = Release|x64
		{14A51CA9-EA3B-49A5-85F6-40A446C56AF3}.Release|x86.ActiveCfg = Release|Win32
		{14A51CA9-EA3B-49A5-85F6-40A446C56AF3}.Release|x86.Build.0 = Release|Win32
		{1B54022A-D14A-488A-B6E9-1D1B1D85CE96}.Debug|x64.ActiveCfg = Debug|x64
		{1B54022A-D14A-488A-B6E9-1D1B1D85CE96}.Debug|x64.Build.0 = Debug|x64
		{1B54022A-D14A-488A-B6E9-1D1B1D85CE96}.Debug|x86.ActiveCfg = Debug|Win32
		{1B54022A-D14A-488A-B6E9-1D1B1D85CE96}.Debug|x86.Build.0 = Debug|Win32
		{1B54022A-D14A-488A-B6E9-1D1B1D85CE96}.Release|x64.ActiveCfg = Release|x64
		{1B54022A-D14A-488A-B6E9-1D1B1D85CE96}.Release|x64.Build.0 = Release|x64
		{1B54022A-D14A-488A-B6E9-1D1B1D85CE96}.Release|x86.ActiveCfg = Release|Win32
		{1B54022A-D14A-488A-B6E9-1D1B1D85CE96}.Release|x86.Build.0 = Release|Win32
	EndGlobalSection
	GlobalSection(SolutionProperties) = preSolution
		HideSolutionNode = FALSE
	EndGlobalSection
	GlobalSection(NestedProjects) = preSolution
		{10357CB0-1BE9-495C-BA9C-3F7BA82542CE} = {049D4587-E454-4632-90CF-2878698BEF6F}
	EndGlobalSection
	GlobalSection(ExtensibilityGlobals) = postSolution
		SolutionGuid = {6BC8B8AF-B643-4700-A1E0-C3E63FE73889}
	EndGlobalSection
EndGlobal
